{
    "_meta": {
        "hash": {
            "sha256": "c36ae28fea7b9a4cc02145632e2f41469af2e7b38b801903abb8333d3306f36b"
        },
        "pipfile-spec": 6,
        "requires": {
            "python_version": "3.9"
        },
        "sources": [
            {
                "name": "pypi",
                "url": "https://pypi.org/simple",
                "verify_ssl": true
            }
        ]
    },
    "default": {
        "asgiref": {
            "hashes": [
                "sha256:0b61526596219d70396548fc003635056856dba5d0d086f86476f10b33c75960",
                "sha256:a0249afacb66688ef258ffe503528360443e2b9a8d8c4581b6ebefa58c841ef1"
            ],
            "markers": "python_version >= '3.9'",
            "version": "==3.9.2"
        },
        "django": {
            "hashes": [
                "sha256:2391ab3d78191caaae2c963c19fd70b99e9751008da22a0adcc667c5a4f8d311",
                "sha256:9584cf26b174b35620e53c2558b09d7eb180a655a3470474f513ff9acb494f8c"
            ],
            "index": "pypi",
            "markers": "python_version >= '3.8'",
            "version": "==4.2.25"
        },
        "pytz": {
            "hashes": [
                "sha256:2a29735ea9c18baf14b448846bde5a48030ed267578472d8955cd0e7443a9812",
                "sha256:328171f4e3623139da4983451950b28e95ac706e13f3f2630a879749e7a8b319"
            ],
            "version": "==2024.1"
        },
        "sqlparse": {
            "hashes": [
                "sha256:09f67787f56a0b16ecdbde1bfc7f5d9c3371ca683cfeaa8e6ff60b4807ec9272",
                "sha256:cf2196ed3418f3ba5de6af7e82c694a9fbdbfecccdfc72e281548517081f16ca"
            ],
            "markers": "python_version >= '3.8'",
            "version": "==0.5.3"
        },
        "typing-extensions": {
            "hashes": [
                "sha256:0cea48d173cc12fa28ecabc3b837ea3cf6f38c6d1136f85cbaaf598984861466",
                "sha256:f0fa19c6845758ab08074a0cfa8b7aecb71c999ca73d62883bc25cc018c4e548"
            ],
            "markers": "python_version >= '3.9'",
            "version": "==4.15.0"
        }
    },
    "develop": {}
}
